// !$*UTF8*$!
{
	archiveVersion = 1;
	classes = {
	};
	objectVersion = 50;
	objects = {

/* Begin PBXBuildFile section */
		5959C0C024D07F33003963F3 /* AppDelegate.swift in Sources */ = {isa = PBXBuildFile; fileRef = 5959C0BF24D07F33003963F3 /* AppDelegate.swift */; };
		5959C0C224D07F33003963F3 /* SceneDelegate.swift in Sources */ = {isa = PBXBuildFile; fileRef = 5959C0C124D07F33003963F3 /* SceneDelegate.swift */; };
		5959C0C724D07F34003963F3 /* Main.storyboard in Resources */ = {isa = PBXBuildFile; fileRef = 5959C0C524D07F34003963F3 /* Main.storyboard */; };
		5959C0CA24D07F34003963F3 /* insight_ios.xcdatamodeld in Sources */ = {isa = PBXBuildFile; fileRef = 5959C0C824D07F34003963F3 /* insight_ios.xcdatamodeld */; };
		5959C0CC24D07F37003963F3 /* Assets.xcassets in Resources */ = {isa = PBXBuildFile; fileRef = 5959C0CB24D07F37003963F3 /* Assets.xcassets */; };
		5959C0CF24D07F37003963F3 /* LaunchScreen.storyboard in Resources */ = {isa = PBXBuildFile; fileRef = 5959C0CD24D07F37003963F3 /* LaunchScreen.storyboard */; };
		5995C41B24D66E7600B5FCB5 /* Auth.storyboard in Resources */ = {isa = PBXBuildFile; fileRef = 5995C41A24D66E7600B5FCB5 /* Auth.storyboard */; };
		5995C41D24D66E8800B5FCB5 /* LoginVC.swift in Sources */ = {isa = PBXBuildFile; fileRef = 5995C41C24D66E8800B5FCB5 /* LoginVC.swift */; };
		5995C42124D6733700B5FCB5 /* RoundedButton.swift in Sources */ = {isa = PBXBuildFile; fileRef = 5995C42024D6733700B5FCB5 /* RoundedButton.swift */; };
		5995C42324D67A1100B5FCB5 /* RegisterVC.swift in Sources */ = {isa = PBXBuildFile; fileRef = 5995C42224D67A1100B5FCB5 /* RegisterVC.swift */; };
		5995C43224D6991100B5FCB5 /* GradientView.swift in Sources */ = {isa = PBXBuildFile; fileRef = 5995C43124D6991100B5FCB5 /* GradientView.swift */; };
		5995C43424D6D87A00B5FCB5 /* Research.storyboard in Resources */ = {isa = PBXBuildFile; fileRef = 5995C43324D6D87A00B5FCB5 /* Research.storyboard */; };
		5995C43724D6D8C800B5FCB5 /* ProjectCell.swift in Sources */ = {isa = PBXBuildFile; fileRef = 5995C43524D6D8C800B5FCB5 /* ProjectCell.swift */; };
		5995C43824D6D8C800B5FCB5 /* ProjectCell.xib in Resources */ = {isa = PBXBuildFile; fileRef = 5995C43624D6D8C800B5FCB5 /* ProjectCell.xib */; };
		5995C43B24D7BFEB00B5FCB5 /* AddProjectVC.swift in Sources */ = {isa = PBXBuildFile; fileRef = 5995C43A24D7BFEB00B5FCB5 /* AddProjectVC.swift */; };
		5995C43F24D7C15600B5FCB5 /* TabResearchVC.swift in Sources */ = {isa = PBXBuildFile; fileRef = 5995C43E24D7C15600B5FCB5 /* TabResearchVC.swift */; };
		5995C44324DA724B00B5FCB5 /* CloudKit.framework in Frameworks */ = {isa = PBXBuildFile; fileRef = 5995C44224DA724B00B5FCB5 /* CloudKit.framework */; };
		5995C46C24DA8E7600B5FCB5 /* Profile.storyboard in Resources */ = {isa = PBXBuildFile; fileRef = 5995C46B24DA8E7600B5FCB5 /* Profile.storyboard */; };
		5995C46E24DA8E8300B5FCB5 /* EditProfileVC.swift in Sources */ = {isa = PBXBuildFile; fileRef = 5995C46D24DA8E8300B5FCB5 /* EditProfileVC.swift */; };
		5995C47024DA928B00B5FCB5 /* TabGuideVC.swift in Sources */ = {isa = PBXBuildFile; fileRef = 5995C46F24DA928B00B5FCB5 /* TabGuideVC.swift */; };
		5995C47224DA929500B5FCB5 /* TabProfileVC.swift in Sources */ = {isa = PBXBuildFile; fileRef = 5995C47124DA929500B5FCB5 /* TabProfileVC.swift */; };
		5995C47424DA949900B5FCB5 /* Protocols.swift in Sources */ = {isa = PBXBuildFile; fileRef = 5995C47324DA949900B5FCB5 /* Protocols.swift */; };
		5995C47624DA98B700B5FCB5 /* RoundedViewOnlyTop.swift in Sources */ = {isa = PBXBuildFile; fileRef = 5995C47524DA98B700B5FCB5 /* RoundedViewOnlyTop.swift */; };
		5995C47824DA9C0100B5FCB5 /* BorderView.swift in Sources */ = {isa = PBXBuildFile; fileRef = 5995C47724DA9C0100B5FCB5 /* BorderView.swift */; };
		5995C47A24DA9D8D00B5FCB5 /* GradientButton.swift in Sources */ = {isa = PBXBuildFile; fileRef = 5995C47924DA9D8D00B5FCB5 /* GradientButton.swift */; };
/* End PBXBuildFile section */

/* Begin PBXFileReference section */
		5959C0BC24D07F33003963F3 /* insight-ios.app */ = {isa = PBXFileReference; explicitFileType = wrapper.application; includeInIndex = 0; path = "insight-ios.app"; sourceTree = BUILT_PRODUCTS_DIR; };
		5959C0BF24D07F33003963F3 /* AppDelegate.swift */ = {isa = PBXFileReference; lastKnownFileType = sourcecode.swift; path = AppDelegate.swift; sourceTree = "<group>"; };
		5959C0C124D07F33003963F3 /* SceneDelegate.swift */ = {isa = PBXFileReference; lastKnownFileType = sourcecode.swift; path = SceneDelegate.swift; sourceTree = "<group>"; };
		5959C0C624D07F34003963F3 /* Base */ = {isa = PBXFileReference; lastKnownFileType = file.storyboard; name = Base; path = Base.lproj/Main.storyboard; sourceTree = "<group>"; };
		5959C0C924D07F34003963F3 /* insight_ios.xcdatamodel */ = {isa = PBXFileReference; lastKnownFileType = wrapper.xcdatamodel; path = insight_ios.xcdatamodel; sourceTree = "<group>"; };
		5959C0CB24D07F37003963F3 /* Assets.xcassets */ = {isa = PBXFileReference; lastKnownFileType = folder.assetcatalog; path = Assets.xcassets; sourceTree = "<group>"; };
		5959C0CE24D07F37003963F3 /* Base */ = {isa = PBXFileReference; lastKnownFileType = file.storyboard; name = Base; path = Base.lproj/LaunchScreen.storyboard; sourceTree = "<group>"; };
		5959C0D024D07F37003963F3 /* Info.plist */ = {isa = PBXFileReference; lastKnownFileType = text.plist.xml; path = Info.plist; sourceTree = "<group>"; };
		5995C41A24D66E7600B5FCB5 /* Auth.storyboard */ = {isa = PBXFileReference; lastKnownFileType = file.storyboard; path = Auth.storyboard; sourceTree = "<group>"; };
		5995C41C24D66E8800B5FCB5 /* LoginVC.swift */ = {isa = PBXFileReference; lastKnownFileType = sourcecode.swift; path = LoginVC.swift; sourceTree = "<group>"; };
		5995C42024D6733700B5FCB5 /* RoundedButton.swift */ = {isa = PBXFileReference; lastKnownFileType = sourcecode.swift; path = RoundedButton.swift; sourceTree = "<group>"; };
		5995C42224D67A1100B5FCB5 /* RegisterVC.swift */ = {isa = PBXFileReference; lastKnownFileType = sourcecode.swift; path = RegisterVC.swift; sourceTree = "<group>"; };
		5995C43124D6991100B5FCB5 /* GradientView.swift */ = {isa = PBXFileReference; lastKnownFileType = sourcecode.swift; path = GradientView.swift; sourceTree = "<group>"; };
		5995C43324D6D87A00B5FCB5 /* Research.storyboard */ = {isa = PBXFileReference; lastKnownFileType = file.storyboard; path = Research.storyboard; sourceTree = "<group>"; };
		5995C43524D6D8C800B5FCB5 /* ProjectCell.swift */ = {isa = PBXFileReference; lastKnownFileType = sourcecode.swift; path = ProjectCell.swift; sourceTree = "<group>"; };
		5995C43624D6D8C800B5FCB5 /* ProjectCell.xib */ = {isa = PBXFileReference; lastKnownFileType = file.xib; path = ProjectCell.xib; sourceTree = "<group>"; };
		5995C43A24D7BFEB00B5FCB5 /* AddProjectVC.swift */ = {isa = PBXFileReference; lastKnownFileType = sourcecode.swift; path = AddProjectVC.swift; sourceTree = "<group>"; };
		5995C43E24D7C15600B5FCB5 /* TabResearchVC.swift */ = {isa = PBXFileReference; lastKnownFileType = sourcecode.swift; path = TabResearchVC.swift; sourceTree = "<group>"; };
		5995C44024DA724300B5FCB5 /* insight-ios.entitlements */ = {isa = PBXFileReference; lastKnownFileType = text.plist.entitlements; path = "insight-ios.entitlements"; sourceTree = "<group>"; };
		5995C44224DA724B00B5FCB5 /* CloudKit.framework */ = {isa = PBXFileReference; lastKnownFileType = wrapper.framework; name = CloudKit.framework; path = System/Library/Frameworks/CloudKit.framework; sourceTree = SDKROOT; };
		5995C46B24DA8E7600B5FCB5 /* Profile.storyboard */ = {isa = PBXFileReference; lastKnownFileType = file.storyboard; path = Profile.storyboard; sourceTree = "<group>"; };
		5995C46D24DA8E8300B5FCB5 /* EditProfileVC.swift */ = {isa = PBXFileReference; lastKnownFileType = sourcecode.swift; path = EditProfileVC.swift; sourceTree = "<group>"; };
		5995C46F24DA928B00B5FCB5 /* TabGuideVC.swift */ = {isa = PBXFileReference; lastKnownFileType = sourcecode.swift; path = TabGuideVC.swift; sourceTree = "<group>"; };
		5995C47124DA929500B5FCB5 /* TabProfileVC.swift */ = {isa = PBXFileReference; lastKnownFileType = sourcecode.swift; path = TabProfileVC.swift; sourceTree = "<group>"; };
		5995C47324DA949900B5FCB5 /* Protocols.swift */ = {isa = PBXFileReference; lastKnownFileType = sourcecode.swift; path = Protocols.swift; sourceTree = "<group>"; };
		5995C47524DA98B700B5FCB5 /* RoundedViewOnlyTop.swift */ = {isa = PBXFileReference; lastKnownFileType = sourcecode.swift; path = RoundedViewOnlyTop.swift; sourceTree = "<group>"; };
		5995C47724DA9C0100B5FCB5 /* BorderView.swift */ = {isa = PBXFileReference; lastKnownFileType = sourcecode.swift; path = BorderView.swift; sourceTree = "<group>"; };
		5995C47924DA9D8D00B5FCB5 /* GradientButton.swift */ = {isa = PBXFileReference; lastKnownFileType = sourcecode.swift; path = GradientButton.swift; sourceTree = "<group>"; };
/* End PBXFileReference section */

/* Begin PBXFrameworksBuildPhase section */
		5959C0B924D07F33003963F3 /* Frameworks */ = {
			isa = PBXFrameworksBuildPhase;
			buildActionMask = 2147483647;
			files = (
				5995C44324DA724B00B5FCB5 /* CloudKit.framework in Frameworks */,
			);
			runOnlyForDeploymentPostprocessing = 0;
		};
/* End PBXFrameworksBuildPhase section */

/* Begin PBXGroup section */
		5959C0B324D07F33003963F3 = {
			isa = PBXGroup;
			children = (
				5959C0BE24D07F33003963F3 /* insight-ios */,
				5959C0BD24D07F33003963F3 /* Products */,
				5995C44124DA724B00B5FCB5 /* Frameworks */,
			);
			sourceTree = "<group>";
		};
		5959C0BD24D07F33003963F3 /* Products */ = {
			isa = PBXGroup;
			children = (
				5959C0BC24D07F33003963F3 /* insight-ios.app */,
			);
			name = Products;
			sourceTree = "<group>";
		};
		5959C0BE24D07F33003963F3 /* insight-ios */ = {
			isa = PBXGroup;
			children = (
				5995C44024DA724300B5FCB5 /* insight-ios.entitlements */,
				5959C0BF24D07F33003963F3 /* AppDelegate.swift */,
				5959C0C124D07F33003963F3 /* SceneDelegate.swift */,
				5995C41E24D66F3B00B5FCB5 /* Helper */,
				5995C43C24D7C0EC00B5FCB5 /* Main */,
				5995C41624D66DF500B5FCB5 /* Auth */,
				5995C42524D67B6100B5FCB5 /* Research */,
				5995C42924D67BA500B5FCB5 /* Guide */,
				5995C42D24D67BC700B5FCB5 /* Profile */,
				5959C0CB24D07F37003963F3 /* Assets.xcassets */,
				5959C0CD24D07F37003963F3 /* LaunchScreen.storyboard */,
				5959C0D024D07F37003963F3 /* Info.plist */,
				5959C0C824D07F34003963F3 /* insight_ios.xcdatamodeld */,
			);
			path = "insight-ios";
			sourceTree = "<group>";
		};
		5995C41624D66DF500B5FCB5 /* Auth */ = {
			isa = PBXGroup;
			children = (
				5995C41724D66E0200B5FCB5 /* Model */,
				5995C41824D66E0C00B5FCB5 /* View */,
				5995C41924D66E1200B5FCB5 /* Presenter */,
			);
			path = Auth;
			sourceTree = "<group>";
		};
		5995C41724D66E0200B5FCB5 /* Model */ = {
			isa = PBXGroup;
			children = (
			);
			path = Model;
			sourceTree = "<group>";
		};
		5995C41824D66E0C00B5FCB5 /* View */ = {
			isa = PBXGroup;
			children = (
				5995C41A24D66E7600B5FCB5 /* Auth.storyboard */,
				5995C41C24D66E8800B5FCB5 /* LoginVC.swift */,
				5995C42224D67A1100B5FCB5 /* RegisterVC.swift */,
			);
			path = View;
			sourceTree = "<group>";
		};
		5995C41924D66E1200B5FCB5 /* Presenter */ = {
			isa = PBXGroup;
			children = (
			);
			path = Presenter;
			sourceTree = "<group>";
		};
		5995C41E24D66F3B00B5FCB5 /* Helper */ = {
			isa = PBXGroup;
			children = (
				5995C41F24D66F4100B5FCB5 /* View */,
				5995C47324DA949900B5FCB5 /* Protocols.swift */,
			);
			path = Helper;
			sourceTree = "<group>";
		};
		5995C41F24D66F4100B5FCB5 /* View */ = {
			isa = PBXGroup;
			children = (
				5995C42024D6733700B5FCB5 /* RoundedButton.swift */,
				5995C43124D6991100B5FCB5 /* GradientView.swift */,
				5995C47524DA98B700B5FCB5 /* RoundedViewOnlyTop.swift */,
				5995C47724DA9C0100B5FCB5 /* BorderView.swift */,
				5995C47924DA9D8D00B5FCB5 /* GradientButton.swift */,
			);
			path = View;
			sourceTree = "<group>";
		};
		5995C42524D67B6100B5FCB5 /* Research */ = {
			isa = PBXGroup;
			children = (
				5995C42624D67B6800B5FCB5 /* Model */,
				5995C42724D67B6D00B5FCB5 /* View */,
				5995C42824D67B7100B5FCB5 /* Presenter */,
			);
			path = Research;
			sourceTree = "<group>";
		};
		5995C42624D67B6800B5FCB5 /* Model */ = {
			isa = PBXGroup;
			children = (
			);
			path = Model;
			sourceTree = "<group>";
		};
		5995C42724D67B6D00B5FCB5 /* View */ = {
			isa = PBXGroup;
			children = (
				5995C43924D7BFD400B5FCB5 /* Cell */,
				5995C43324D6D87A00B5FCB5 /* Research.storyboard */,
				5995C43A24D7BFEB00B5FCB5 /* AddProjectVC.swift */,
			);
			path = View;
			sourceTree = "<group>";
		};
		5995C42824D67B7100B5FCB5 /* Presenter */ = {
			isa = PBXGroup;
			children = (
			);
			path = Presenter;
			sourceTree = "<group>";
		};
		5995C42924D67BA500B5FCB5 /* Guide */ = {
			isa = PBXGroup;
			children = (
				5995C42C24D67BBB00B5FCB5 /* Model */,
				5995C42B24D67BB700B5FCB5 /* View */,
				5995C42A24D67BB100B5FCB5 /* Presenter */,
			);
			path = Guide;
			sourceTree = "<group>";
		};
		5995C42A24D67BB100B5FCB5 /* Presenter */ = {
			isa = PBXGroup;
			children = (
			);
			path = Presenter;
			sourceTree = "<group>";
		};
		5995C42B24D67BB700B5FCB5 /* View */ = {
			isa = PBXGroup;
			children = (
			);
			path = View;
			sourceTree = "<group>";
		};
		5995C42C24D67BBB00B5FCB5 /* Model */ = {
			isa = PBXGroup;
			children = (
			);
			path = Model;
			sourceTree = "<group>";
		};
		5995C42D24D67BC700B5FCB5 /* Profile */ = {
			isa = PBXGroup;
			children = (
				5995C43024D67BDB00B5FCB5 /* Model */,
				5995C42F24D67BD800B5FCB5 /* View */,
				5995C42E24D67BD200B5FCB5 /* Presenter */,
			);
			path = Profile;
			sourceTree = "<group>";
		};
		5995C42E24D67BD200B5FCB5 /* Presenter */ = {
			isa = PBXGroup;
			children = (
			);
			path = Presenter;
			sourceTree = "<group>";
		};
		5995C42F24D67BD800B5FCB5 /* View */ = {
			isa = PBXGroup;
			children = (
				5995C46B24DA8E7600B5FCB5 /* Profile.storyboard */,
				5995C46D24DA8E8300B5FCB5 /* EditProfileVC.swift */,
			);
			path = View;
			sourceTree = "<group>";
		};
		5995C43024D67BDB00B5FCB5 /* Model */ = {
			isa = PBXGroup;
			children = (
			);
			path = Model;
			sourceTree = "<group>";
		};
		5995C43924D7BFD400B5FCB5 /* Cell */ = {
			isa = PBXGroup;
			children = (
				5995C43524D6D8C800B5FCB5 /* ProjectCell.swift */,
				5995C43624D6D8C800B5FCB5 /* ProjectCell.xib */,
			);
			path = Cell;
			sourceTree = "<group>";
		};
		5995C43C24D7C0EC00B5FCB5 /* Main */ = {
			isa = PBXGroup;
			children = (
				5959C0C524D07F34003963F3 /* Main.storyboard */,
				5995C43E24D7C15600B5FCB5 /* TabResearchVC.swift */,
				5995C46F24DA928B00B5FCB5 /* TabGuideVC.swift */,
				5995C47124DA929500B5FCB5 /* TabProfileVC.swift */,
			);
			path = Main;
			sourceTree = "<group>";
		};
		5995C44124DA724B00B5FCB5 /* Frameworks */ = {
			isa = PBXGroup;
			children = (
				5995C44224DA724B00B5FCB5 /* CloudKit.framework */,
			);
			name = Frameworks;
			sourceTree = "<group>";
		};
/* End PBXGroup section */

/* Begin PBXNativeTarget section */
		5959C0BB24D07F33003963F3 /* insight-ios */ = {
			isa = PBXNativeTarget;
			buildConfigurationList = 5959C0D324D07F37003963F3 /* Build configuration list for PBXNativeTarget "insight-ios" */;
			buildPhases = (
				5959C0B824D07F33003963F3 /* Sources */,
				5959C0B924D07F33003963F3 /* Frameworks */,
				5959C0BA24D07F33003963F3 /* Resources */,
			);
			buildRules = (
			);
			dependencies = (
			);
			name = "insight-ios";
			productName = "insight-ios";
			productReference = 5959C0BC24D07F33003963F3 /* insight-ios.app */;
			productType = "com.apple.product-type.application";
		};
/* End PBXNativeTarget section */

/* Begin PBXProject section */
		5959C0B424D07F33003963F3 /* Project object */ = {
			isa = PBXProject;
			attributes = {
				LastSwiftUpdateCheck = 1160;
				LastUpgradeCheck = 1160;
				ORGANIZATIONNAME = "Muhammad Hilmy Fauzi";
				TargetAttributes = {
					5959C0BB24D07F33003963F3 = {
						CreatedOnToolsVersion = 11.6;
					};
				};
			};
			buildConfigurationList = 5959C0B724D07F33003963F3 /* Build configuration list for PBXProject "insight-ios" */;
			compatibilityVersion = "Xcode 9.3";
			developmentRegion = en;
			hasScannedForEncodings = 0;
			knownRegions = (
				en,
				Base,
			);
			mainGroup = 5959C0B324D07F33003963F3;
			productRefGroup = 5959C0BD24D07F33003963F3 /* Products */;
			projectDirPath = "";
			projectRoot = "";
			targets = (
				5959C0BB24D07F33003963F3 /* insight-ios */,
			);
		};
/* End PBXProject section */

/* Begin PBXResourcesBuildPhase section */
		5959C0BA24D07F33003963F3 /* Resources */ = {
			isa = PBXResourcesBuildPhase;
			buildActionMask = 2147483647;
			files = (
				5995C41B24D66E7600B5FCB5 /* Auth.storyboard in Resources */,
				5959C0CF24D07F37003963F3 /* LaunchScreen.storyboard in Resources */,
				5995C43424D6D87A00B5FCB5 /* Research.storyboard in Resources */,
				5959C0CC24D07F37003963F3 /* Assets.xcassets in Resources */,
				5959C0C724D07F34003963F3 /* Main.storyboard in Resources */,
				5995C46C24DA8E7600B5FCB5 /* Profile.storyboard in Resources */,
				5995C43824D6D8C800B5FCB5 /* ProjectCell.xib in Resources */,
			);
			runOnlyForDeploymentPostprocessing = 0;
		};
/* End PBXResourcesBuildPhase section */

/* Begin PBXSourcesBuildPhase section */
		5959C0B824D07F33003963F3 /* Sources */ = {
			isa = PBXSourcesBuildPhase;
			buildActionMask = 2147483647;
			files = (
				5995C41D24D66E8800B5FCB5 /* LoginVC.swift in Sources */,
				5995C42124D6733700B5FCB5 /* RoundedButton.swift in Sources */,
				5959C0CA24D07F34003963F3 /* insight_ios.xcdatamodeld in Sources */,
				5995C43724D6D8C800B5FCB5 /* ProjectCell.swift in Sources */,
				5995C47824DA9C0100B5FCB5 /* BorderView.swift in Sources */,
				5995C42324D67A1100B5FCB5 /* RegisterVC.swift in Sources */,
				5995C43B24D7BFEB00B5FCB5 /* AddProjectVC.swift in Sources */,
				5995C43224D6991100B5FCB5 /* GradientView.swift in Sources */,
				5959C0C024D07F33003963F3 /* AppDelegate.swift in Sources */,
				5995C43F24D7C15600B5FCB5 /* TabResearchVC.swift in Sources */,
				5995C47424DA949900B5FCB5 /* Protocols.swift in Sources */,
				5995C47024DA928B00B5FCB5 /* TabGuideVC.swift in Sources */,
				5959C0C224D07F33003963F3 /* SceneDelegate.swift in Sources */,
				5995C47624DA98B700B5FCB5 /* RoundedViewOnlyTop.swift in Sources */,
				5995C47224DA929500B5FCB5 /* TabProfileVC.swift in Sources */,
				5995C47A24DA9D8D00B5FCB5 /* GradientButton.swift in Sources */,
				5995C46E24DA8E8300B5FCB5 /* EditProfileVC.swift in Sources */,
			);
			runOnlyForDeploymentPostprocessing = 0;
		};
/* End PBXSourcesBuildPhase section */

/* Begin PBXVariantGroup section */
		5959C0C524D07F34003963F3 /* Main.storyboard */ = {
			isa = PBXVariantGroup;
			children = (
				5959C0C624D07F34003963F3 /* Base */,
			);
			name = Main.storyboard;
			sourceTree = "<group>";
		};
		5959C0CD24D07F37003963F3 /* LaunchScreen.storyboard */ = {
			isa = PBXVariantGroup;
			children = (
				5959C0CE24D07F37003963F3 /* Base */,
			);
			name = LaunchScreen.storyboard;
			sourceTree = "<group>";
		};
/* End PBXVariantGroup section */

/* Begin XCBuildConfiguration section */
		5959C0D124D07F37003963F3 /* Debug */ = {
			isa = XCBuildConfiguration;
			buildSettings = {
				ALWAYS_SEARCH_USER_PATHS = NO;
				CLANG_ANALYZER_NONNULL = YES;
				CLANG_ANALYZER_NUMBER_OBJECT_CONVERSION = YES_AGGRESSIVE;
				CLANG_CXX_LANGUAGE_STANDARD = "gnu++14";
				CLANG_CXX_LIBRARY = "libc++";
				CLANG_ENABLE_MODULES = YES;
				CLANG_ENABLE_OBJC_ARC = YES;
				CLANG_ENABLE_OBJC_WEAK = YES;
				CLANG_WARN_BLOCK_CAPTURE_AUTORELEASING = YES;
				CLANG_WARN_BOOL_CONVERSION = YES;
				CLANG_WARN_COMMA = YES;
				CLANG_WARN_CONSTANT_CONVERSION = YES;
				CLANG_WARN_DEPRECATED_OBJC_IMPLEMENTATIONS = YES;
				CLANG_WARN_DIRECT_OBJC_ISA_USAGE = YES_ERROR;
				CLANG_WARN_DOCUMENTATION_COMMENTS = YES;
				CLANG_WARN_EMPTY_BODY = YES;
				CLANG_WARN_ENUM_CONVERSION = YES;
				CLANG_WARN_INFINITE_RECURSION = YES;
				CLANG_WARN_INT_CONVERSION = YES;
				CLANG_WARN_NON_LITERAL_NULL_CONVERSION = YES;
				CLANG_WARN_OBJC_IMPLICIT_RETAIN_SELF = YES;
				CLANG_WARN_OBJC_LITERAL_CONVERSION = YES;
				CLANG_WARN_OBJC_ROOT_CLASS = YES_ERROR;
				CLANG_WARN_RANGE_LOOP_ANALYSIS = YES;
				CLANG_WARN_STRICT_PROTOTYPES = YES;
				CLANG_WARN_SUSPICIOUS_MOVE = YES;
				CLANG_WARN_UNGUARDED_AVAILABILITY = YES_AGGRESSIVE;
				CLANG_WARN_UNREACHABLE_CODE = YES;
				CLANG_WARN__DUPLICATE_METHOD_MATCH = YES;
				COPY_PHASE_STRIP = NO;
				DEBUG_INFORMATION_FORMAT = dwarf;
				ENABLE_STRICT_OBJC_MSGSEND = YES;
				ENABLE_TESTABILITY = YES;
				GCC_C_LANGUAGE_STANDARD = gnu11;
				GCC_DYNAMIC_NO_PIC = NO;
				GCC_NO_COMMON_BLOCKS = YES;
				GCC_OPTIMIZATION_LEVEL = 0;
				GCC_PREPROCESSOR_DEFINITIONS = (
					"DEBUG=1",
					"$(inherited)",
				);
				GCC_WARN_64_TO_32_BIT_CONVERSION = YES;
				GCC_WARN_ABOUT_RETURN_TYPE = YES_ERROR;
				GCC_WARN_UNDECLARED_SELECTOR = YES;
				GCC_WARN_UNINITIALIZED_AUTOS = YES_AGGRESSIVE;
				GCC_WARN_UNUSED_FUNCTION = YES;
				GCC_WARN_UNUSED_VARIABLE = YES;
				IPHONEOS_DEPLOYMENT_TARGET = 13.6;
				MTL_ENABLE_DEBUG_INFO = INCLUDE_SOURCE;
				MTL_FAST_MATH = YES;
				ONLY_ACTIVE_ARCH = YES;
				SDKROOT = iphoneos;
				SWIFT_ACTIVE_COMPILATION_CONDITIONS = DEBUG;
				SWIFT_OPTIMIZATION_LEVEL = "-Onone";
			};
			name = Debug;
		};
		5959C0D224D07F37003963F3 /* Release */ = {
			isa = XCBuildConfiguration;
			buildSettings = {
				ALWAYS_SEARCH_USER_PATHS = NO;
				CLANG_ANALYZER_NONNULL = YES;
				CLANG_ANALYZER_NUMBER_OBJECT_CONVERSION = YES_AGGRESSIVE;
				CLANG_CXX_LANGUAGE_STANDARD = "gnu++14";
				CLANG_CXX_LIBRARY = "libc++";
				CLANG_ENABLE_MODULES = YES;
				CLANG_ENABLE_OBJC_ARC = YES;
				CLANG_ENABLE_OBJC_WEAK = YES;
				CLANG_WARN_BLOCK_CAPTURE_AUTORELEASING = YES;
				CLANG_WARN_BOOL_CONVERSION = YES;
				CLANG_WARN_COMMA = YES;
				CLANG_WARN_CONSTANT_CONVERSION = YES;
				CLANG_WARN_DEPRECATED_OBJC_IMPLEMENTATIONS = YES;
				CLANG_WARN_DIRECT_OBJC_ISA_USAGE = YES_ERROR;
				CLANG_WARN_DOCUMENTATION_COMMENTS = YES;
				CLANG_WARN_EMPTY_BODY = YES;
				CLANG_WARN_ENUM_CONVERSION = YES;
				CLANG_WARN_INFINITE_RECURSION = YES;
				CLANG_WARN_INT_CONVERSION = YES;
				CLANG_WARN_NON_LITERAL_NULL_CONVERSION = YES;
				CLANG_WARN_OBJC_IMPLICIT_RETAIN_SELF = YES;
				CLANG_WARN_OBJC_LITERAL_CONVERSION = YES;
				CLANG_WARN_OBJC_ROOT_CLASS = YES_ERROR;
				CLANG_WARN_RANGE_LOOP_ANALYSIS = YES;
				CLANG_WARN_STRICT_PROTOTYPES = YES;
				CLANG_WARN_SUSPICIOUS_MOVE = YES;
				CLANG_WARN_UNGUARDED_AVAILABILITY = YES_AGGRESSIVE;
				CLANG_WARN_UNREACHABLE_CODE = YES;
				CLANG_WARN__DUPLICATE_METHOD_MATCH = YES;
				COPY_PHASE_STRIP = NO;
				DEBUG_INFORMATION_FORMAT = "dwarf-with-dsym";
				ENABLE_NS_ASSERTIONS = NO;
				ENABLE_STRICT_OBJC_MSGSEND = YES;
				GCC_C_LANGUAGE_STANDARD = gnu11;
				GCC_NO_COMMON_BLOCKS = YES;
				GCC_WARN_64_TO_32_BIT_CONVERSION = YES;
				GCC_WARN_ABOUT_RETURN_TYPE = YES_ERROR;
				GCC_WARN_UNDECLARED_SELECTOR = YES;
				GCC_WARN_UNINITIALIZED_AUTOS = YES_AGGRESSIVE;
				GCC_WARN_UNUSED_FUNCTION = YES;
				GCC_WARN_UNUSED_VARIABLE = YES;
				IPHONEOS_DEPLOYMENT_TARGET = 13.6;
				MTL_ENABLE_DEBUG_INFO = NO;
				MTL_FAST_MATH = YES;
				SDKROOT = iphoneos;
				SWIFT_COMPILATION_MODE = wholemodule;
				SWIFT_OPTIMIZATION_LEVEL = "-O";
				VALIDATE_PRODUCT = YES;
			};
			name = Release;
		};
		5959C0D424D07F37003963F3 /* Debug */ = {
			isa = XCBuildConfiguration;
			buildSettings = {
				ASSETCATALOG_COMPILER_APPICON_NAME = AppIcon;
				CODE_SIGN_ENTITLEMENTS = "insight-ios/insight-ios.entitlements";
				CODE_SIGN_STYLE = Automatic;
				DEVELOPMENT_TEAM = 72C5A4RQ56;
				INFOPLIST_FILE = "insight-ios/Info.plist";
				LD_RUNPATH_SEARCH_PATHS = (
					"$(inherited)",
					"@executable_path/Frameworks",
				);
				PRODUCT_BUNDLE_IDENTIFIER = "com.core.insight.insight-ios";
				PRODUCT_NAME = "$(TARGET_NAME)";
				SWIFT_VERSION = 5.0;
				TARGETED_DEVICE_FAMILY = "1,2";
			};
			name = Debug;
		};
		5959C0D524D07F37003963F3 /* Release */ = {
			isa = XCBuildConfiguration;
			buildSettings = {
				ASSETCATALOG_COMPILER_APPICON_NAME = AppIcon;
				CODE_SIGN_ENTITLEMENTS = "insight-ios/insight-ios.entitlements";
				CODE_SIGN_STYLE = Automatic;
				DEVELOPMENT_TEAM = 72C5A4RQ56;
				INFOPLIST_FILE = "insight-ios/Info.plist";
				LD_RUNPATH_SEARCH_PATHS = (
					"$(inherited)",
					"@executable_path/Frameworks",
				);
				PRODUCT_BUNDLE_IDENTIFIER = "com.core.insight.insight-ios";
				PRODUCT_NAME = "$(TARGET_NAME)";
				SWIFT_VERSION = 5.0;
				TARGETED_DEVICE_FAMILY = "1,2";
			};
			name = Release;
		};
/* End XCBuildConfiguration section */

/* Begin XCConfigurationList section */
		5959C0B724D07F33003963F3 /* Build configuration list for PBXProject "insight-ios" */ = {
			isa = XCConfigurationList;
			buildConfigurations = (
				5959C0D124D07F37003963F3 /* Debug */,
				5959C0D224D07F37003963F3 /* Release */,
			);
			defaultConfigurationIsVisible = 0;
			defaultConfigurationName = Release;
		};
		5959C0D324D07F37003963F3 /* Build configuration list for PBXNativeTarget "insight-ios" */ = {
			isa = XCConfigurationList;
			buildConfigurations = (
				5959C0D424D07F37003963F3 /* Debug */,
				5959C0D524D07F37003963F3 /* Release */,
			);
			defaultConfigurationIsVisible = 0;
			defaultConfigurationName = Release;
		};
/* End XCConfigurationList section */

/* Begin XCVersionGroup section */
		5959C0C824D07F34003963F3 /* insight_ios.xcdatamodeld */ = {
			isa = XCVersionGroup;
			children = (
				5959C0C924D07F34003963F3 /* insight_ios.xcdatamodel */,
			);
			currentVersion = 5959C0C924D07F34003963F3 /* insight_ios.xcdatamodel */;
			path = insight_ios.xcdatamodeld;
			sourceTree = "<group>";
			versionGroupType = wrapper.xcdatamodel;
		};
/* End XCVersionGroup section */
	};
	rootObject = 5959C0B424D07F33003963F3 /* Project object */;
}
